
Microsoft Visual Studio Solution File, Format Version 12.00
# Visual Studio Version 17
VisualStudioVersion = 17.0.31903.59
MinimumVisualStudioVersion = 10.0.40219.1
Project("{FAE04EC0-301F-11D3-BF4B-00C04F79EFBC}") = "API", "API\API.csproj", "{081EAE35-21C6-403D-9C43-6882ECD4DEF1}"
EndProject
Project("{FAE04EC0-301F-11D3-BF4B-00C04F79EFBC}") = "Core", "core\Core.csproj", "{22843650-06B6-428E-9108-A818FDB26DCE}"
EndProject
Project("{FAE04EC0-301F-11D3-BF4B-00C04F79EFBC}") = "Infrastructure", "Infrastructure\Infrastructure.csproj", "{91DC7B2C-B682-494D-B929-A2362604BD03}"
EndProject
Global
	GlobalSection(SolutionConfigurationPlatforms) = preSolution
		Debug|Any CPU = Debug|Any CPU
		Release|Any CPU = Release|Any CPU
	EndGlobalSection
	GlobalSection(SolutionProperties) = preSolution
		HideSolutionNode = FALSE
	EndGlobalSection
	GlobalSection(ProjectConfigurationPlatforms) = postSolution
		{081EAE35-21C6-403D-9C43-6882ECD4DEF1}.Debug|Any CPU.ActiveCfg = Debug|Any CPU
		{081EAE35-21C6-403D-9C43-6882ECD4DEF1}.Debug|Any CPU.Build.0 = Debug|Any CPU
		{081EAE35-21C6-403D-9C43-6882ECD4DEF1}.Release|Any CPU.ActiveCfg = Release|Any CPU
		{081EAE35-21C6-403D-9C43-6882ECD4DEF1}.Release|Any CPU.Build.0 = Release|Any CPU
		{22843650-06B6-428E-9108-A818FDB26DCE}.Debug|Any CPU.ActiveCfg = Debug|Any CPU
		{22843650-06B6-428E-9108-A818FDB26DCE}.Debug|Any CPU.Build.0 = Debug|Any CPU
		{22843650-06B6-428E-9108-A818FDB26DCE}.Release|Any CPU.ActiveCfg = Release|Any CPU
		{22843650-06B6-428E-9108-A818FDB26DCE}.Release|Any CPU.Build.0 = Release|Any CPU
		{91DC7B2C-B682-494D-B929-A2362604BD03}.Debug|Any CPU.ActiveCfg = Debug|Any CPU
		{91DC7B2C-B682-494D-B929-A2362604BD03}.Debug|Any CPU.Build.0 = Debug|Any CPU
		{91DC7B2C-B682-494D-B929-A2362604BD03}.Release|Any CPU.ActiveCfg = Release|Any CPU
		{91DC7B2C-B682-494D-B929-A2362604BD03}.Release|Any CPU.Build.0 = Release|Any CPU
	EndGlobalSection
EndGlobal
